<?xml version="1.0" encoding="UTF-8"?>
<Scheme
   LastUpgradeVersion = "0820"
   version = "2.0">
   <BuildAction
      parallelizeBuildables = "YES"
      buildImplicitDependencies = "YES">
      <BuildActionEntries>
         <BuildActionEntry
            buildForTesting = "YES"
            buildForRunning = "YES"
            buildForProfiling = "YES"
            buildForArchiving = "YES"
            buildForAnalyzing = "YES">
            <BuildableReference
               BuildableIdentifier = "primary"
               BlueprintIdentifier = "52CA425F1E2F24570038EE33"
               BuildableName = "&#x8eab;&#x4f53;&#x7684;&#x6c34; WatchKit App.app"
               BlueprintName = "&#x8eab;&#x4f53;&#x7684;&#x6c34; WatchKit App"
               ReferencedContainer = "container:&#x8eab;&#x4f53;&#x7684;&#x6c34;.xcodeproj">
            </BuildableReference>
         </BuildActionEntry>
         <BuildActionEntry
            buildForTesting = "YES"
            buildForRunning = "YES"
            buildForProfiling = "YES"
            buildForArchiving = "YES"
            buildForAnalyzing = "YES">
            <BuildableReference
               BuildableIdentifier = "primary"
               BlueprintIdentifier = "52CA424D1E2F24570038EE33"
               BuildableName = "&#x8eab;&#x4f53;&#x7684;&#x6c34;.app"
               BlueprintName = "&#x8eab;&#x4f53;&#x7684;&#x6c34;"
               ReferencedContainer = "container:&#x8eab;&#x4f53;&#x7684;&#x6c34;.xcodeproj">
            </BuildableReference>
         </BuildActionEntry>
      </BuildActionEntries>
   </BuildAction>
   <TestAction
      buildConfiguration = "Debug"
      selectedDebuggerIdentifier = "Xcode.DebuggerFoundation.Debugger.LLDB"
      selectedLauncherIdentifier = "Xcode.DebuggerFoundation.Launcher.LLDB"
      shouldUseLaunchSchemeArgsEnv = "YES">
      <Testables>
      </Testables>
      <MacroExpansion>
         <BuildableReference
            BuildableIdentifier = "primary"
            BlueprintIdentifier = "52CA425F1E2F24570038EE33"
            BuildableName = "&#x8eab;&#x4f53;&#x7684;&#x6c34; WatchKit App.app"
            BlueprintName = "&#x8eab;&#x4f53;&#x7684;&#x6c34; WatchKit App"
            ReferencedContainer = "container:&#x8eab;&#x4f53;&#x7684;&#x6c34;.xcodeproj">
         </BuildableReference>
      </MacroExpansion>
      <AdditionalOptions>
      </AdditionalOptions>
   </TestAction>
   <LaunchAction
      buildConfiguration = "Debug"
      selectedDebuggerIdentifier = "Xcode.DebuggerFoundation.Debugger.LLDB"
      selectedLauncherIdentifier = "Xcode.DebuggerFoundation.Launcher.LLDB"
      launchStyle = "0"
      useCustomWorkingDirectory = "NO"
      ignoresPersistentStateOnLaunch = "NO"
      debugDocumentVersioning = "YES"
      debugServiceExtension = "internal"
      allowLocationSimulation = "YES"
      launchAutomaticallySubstyle = "32">
      <RemoteRunnable
         runnableDebuggingMode = "2"
         BundleIdentifier = "com.apple.carousel"
         RemotePath = "/&#x8eab;&#x4f53;&#x7684;&#x6c34; WatchKit App">
         <BuildableReference
            BuildableIdentifier = "primary"
            BlueprintIdentifier = "52CA425F1E2F24570038EE33"
            BuildableName = "&#x8eab;&#x4f53;&#x7684;&#x6c34; WatchKit App.app"
            BlueprintName = "&#x8eab;&#x4f53;&#x7684;&#x6c34; WatchKit App"
            ReferencedContainer = "container:&#x8eab;&#x4f53;&#x7684;&#x6c34;.xcodeproj">
         </BuildableReference>
      </RemoteRunnable>
      <MacroExpansion>
         <BuildableReference
            BuildableIdentifier = "primary"
            BlueprintIdentifier = "52CA425F1E2F24570038EE33"
            BuildableName = "&#x8eab;&#x4f53;&#x7684;&#x6c34; WatchKit App.app"
            BlueprintName = "&#x8eab;&#x4f53;&#x7684;&#x6c34; WatchKit App"
            ReferencedContainer = "container:&#x8eab;&#x4f53;&#x7684;&#x6c34;.xcodeproj">
         </BuildableReference>
      </MacroExpansion>
      <AdditionalOptions>
      </AdditionalOptions>
   </LaunchAction>
   <ProfileAction
      buildConfiguration = "Release"
      shouldUseLaunchSchemeArgsEnv = "YES"
      savedToolIdentifier = ""
      useCustomWorkingDirectory = "NO"
      debugDocumentVersioning = "YES"
      launchAutomaticallySubstyle = "32">
      <RemoteRunnable
         runnableDebuggingMode = "2"
         BundleIdentifier = "com.apple.carousel"
         RemotePath = "/&#x8eab;&#x4f53;&#x7684;&#x6c34; WatchKit App">
         <BuildableReference
            BuildableIdentifier = "primary"
            BlueprintIdentifier = "52CA425F1E2F24570038EE33"
            BuildableName = "&#x8eab;&#x4f53;&#x7684;&#x6c34; WatchKit App.app"
            BlueprintName = "&#x8eab;&#x4f53;&#x7684;&#x6c34; WatchKit App"
            ReferencedContainer = "container:&#x8eab;&#x4f53;&#x7684;&#x6c34;.xcodeproj">
         </BuildableReference>
      </RemoteRunnable>
      <MacroExpansion>
         <BuildableReference
            BuildableIdentifier = "primary"
            BlueprintIdentifier = "52CA425F1E2F24570038EE33"
            BuildableName = "&#x8eab;&#x4f53;&#x7684;&#x6c34; WatchKit App.app"
            BlueprintName = "&#x8eab;&#x4f53;&#x7684;&#x6c34; WatchKit App"
            ReferencedContainer = "container:&#x8eab;&#x4f53;&#x7684;&#x6c34;.xcodeproj">
         </BuildableReference>
      </MacroExpansion>
   </ProfileAction>
   <AnalyzeAction
      buildConfiguration = "Debug">
   </AnalyzeAction>
   <ArchiveAction
      buildConfiguration = "Release"
      revealArchiveInOrganizer = "YES">
   </ArchiveAction>
</Scheme>
